
Microsoft Visual Studio Solution File, Format Version 12.00
# Visual Studio Version 17
VisualStudioVersion = 17.14.36511.14 d17.14
MinimumVisualStudioVersion = 10.0.40219.1
Project("{FAE04EC0-301F-11D3-BF4B-00C04F79EFBC}") = "DemoSession02MVC", "DemoSession02MVC\DemoSession02MVC.csproj", "{450BAB35-6F93-49CC-B7C9-B2AD5B801A5B}"
EndProject
Global
	GlobalSection(SolutionConfigurationPlatforms) = preSolution
		Debug|Any CPU = Debug|Any CPU
		Release|Any CPU = Release|Any CPU
	EndGlobalSection
	GlobalSection(ProjectConfigurationPlatforms) = postSolution
		{450BAB35-6F93-49CC-B7C9-B2AD5B801A5B}.Debug|Any CPU.ActiveCfg = Debug|Any CPU
		{450BAB35-6F93-49CC-B7C9-B2AD5B801A5B}.Debug|Any CPU.Build.0 = Debug|Any CPU
		{450BAB35-6F93-49CC-B7C9-B2AD5B801A5B}.Release|Any CPU.ActiveCfg = Release|Any CPU
		{450BAB35-6F93-49CC-B7C9-B2AD5B801A5B}.Release|Any CPU.Build.0 = Release|Any CPU
	EndGlobalSection
	GlobalSection(SolutionProperties) = preSolution
		HideSolutionNode = FALSE
	EndGlobalSection
	GlobalSection(ExtensibilityGlobals) = postSolution
		SolutionGuid = {92D6D078-0C15-4F6D-863C-9957789CBDDB}
	EndGlobalSection
EndGlobal
