
Microsoft Visual Studio Solution File, Format Version 12.00
# Visual Studio Version 17
VisualStudioVersion = 17.14.36310.24 d17.14
MinimumVisualStudioVersion = 10.0.40219.1
Project("{FAE04EC0-301F-11D3-BF4B-00C04F79EFBC}") = "task12_adv4", "task12_adv4.csproj", "{469E3DB5-18D9-472A-AF65-ADBAA224F7EE}"
EndProject
Global
	GlobalSection(SolutionConfigurationPlatforms) = preSolution
		Debug|Any CPU = Debug|Any CPU
		Release|Any CPU = Release|Any CPU
	EndGlobalSection
	GlobalSection(ProjectConfigurationPlatforms) = postSolution
		{469E3DB5-18D9-472A-AF65-ADBAA224F7EE}.Debug|Any CPU.ActiveCfg = Debug|Any CPU
		{469E3DB5-18D9-472A-AF65-ADBAA224F7EE}.Debug|Any CPU.Build.0 = Debug|Any CPU
		{469E3DB5-18D9-472A-AF65-ADBAA224F7EE}.Release|Any CPU.ActiveCfg = Release|Any CPU
		{469E3DB5-18D9-472A-AF65-ADBAA224F7EE}.Release|Any CPU.Build.0 = Release|Any CPU
	EndGlobalSection
	GlobalSection(SolutionProperties) = preSolution
		HideSolutionNode = FALSE
	EndGlobalSection
	GlobalSection(ExtensibilityGlobals) = postSolution
		SolutionGuid = {DA17A8CD-ED70-47BC-8F8E-D94CA330CE75}
	EndGlobalSection
EndGlobal
